
Microsoft Visual Studio Solution File, Format Version 12.00
# Visual Studio Version 17
VisualStudioVersion = 17.3.32825.248
MinimumVisualStudioVersion = 10.0.40219.1
Project("{FAE04EC0-301F-11D3-BF4B-00C04F79EFBC}") = "ReactCalculator", "ReactCalculator\ReactCalculator.csproj", "{12680193-1EF3-4194-87AA-7D22838DDABF}"
EndProject
Global
	GlobalSection(SolutionConfigurationPlatforms) = preSolution
		Debug|Any CPU = Debug|Any CPU
		Release|Any CPU = Release|Any CPU
	EndGlobalSection
	GlobalSection(ProjectConfigurationPlatforms) = postSolution
		{12680193-1EF3-4194-87AA-7D22838DDABF}.Debug|Any CPU.ActiveCfg = Debug|Any CPU
		{12680193-1EF3-4194-87AA-7D22838DDABF}.Debug|Any CPU.Build.0 = Debug|Any CPU
		{12680193-1EF3-4194-87AA-7D22838DDABF}.Release|Any CPU.ActiveCfg = Release|Any CPU
		{12680193-1EF3-4194-87AA-7D22838DDABF}.Release|Any CPU.Build.0 = Release|Any CPU
	EndGlobalSection
	GlobalSection(SolutionProperties) = preSolution
		HideSolutionNode = FALSE
	EndGlobalSection
	GlobalSection(ExtensibilityGlobals) = postSolution
		SolutionGuid = {E45B3367-3810-4362-B241-1A436C0DA8B2}
	EndGlobalSection
EndGlobal
